
Microsoft Visual Studio Solution File, Format Version 12.00
# Visual Studio 15
VisualStudioVersion = 15.0.27428.2005
MinimumVisualStudioVersion = 10.0.40219.1
Project("{FAE04EC0-301F-11D3-BF4B-00C04F79EFBC}") = "SpreadsheetServer", "SpreadsheetServer\SpreadsheetServer.csproj", "{2E2FE469-1477-4022-836B-3B991C0CA8D3}"
EndProject
Project("{FAE04EC0-301F-11D3-BF4B-00C04F79EFBC}") = "Spreadsheet", "SpreadSheet\Spreadsheet.csproj", "{DC5BEDD4-08A1-429F-8FF9-99D6B73F767B}"
EndProject
Global
	GlobalSection(SolutionConfigurationPlatforms) = preSolution
		Debug|Any CPU = Debug|Any CPU
		Release|Any CPU = Release|Any CPU
	EndGlobalSection
	GlobalSection(ProjectConfigurationPlatforms) = postSolution
		{2E2FE469-1477-4022-836B-3B991C0CA8D3}.Debug|Any CPU.ActiveCfg = Debug|Any CPU
		{2E2FE469-1477-4022-836B-3B991C0CA8D3}.Debug|Any CPU.Build.0 = Debug|Any CPU
		{2E2FE469-1477-4022-836B-3B991C0CA8D3}.Release|Any CPU.ActiveCfg = Release|Any CPU
		{2E2FE469-1477-4022-836B-3B991C0CA8D3}.Release|Any CPU.Build.0 = Release|Any CPU
		{DC5BEDD4-08A1-429F-8FF9-99D6B73F767B}.Debug|Any CPU.ActiveCfg = Debug|Any CPU
		{DC5BEDD4-08A1-429F-8FF9-99D6B73F767B}.Debug|Any CPU.Build.0 = Debug|Any CPU
		{DC5BEDD4-08A1-429F-8FF9-99D6B73F767B}.Release|Any CPU.ActiveCfg = Release|Any CPU
		{DC5BEDD4-08A1-429F-8FF9-99D6B73F767B}.Release|Any CPU.Build.0 = Release|Any CPU
	EndGlobalSection
	GlobalSection(SolutionProperties) = preSolution
		HideSolutionNode = FALSE
	EndGlobalSection
	GlobalSection(ExtensibilityGlobals) = postSolution
		SolutionGuid = {65AA125D-7C75-4C14-9657-93798452FCAB}
	EndGlobalSection
EndGlobal
